{
  "name": "akif-portfolio",
  "version": "1.0.0",
  "lockfileVersion": 3,
  "requires": true,
  "packages": {
    "": {
      "name": "akif-portfolio",
      "version": "1.0.0",
      "devDependencies": {
        "@akif-portfolio/tooling": "file:./scripts"
      },
      "engines": {
        "node": ">=20"
      }
    },
    "node_modules/@akif-portfolio/tooling": {
      "resolved": "scripts",
      "link": true
    },
    "scripts": {
      "name": "@akif-portfolio/tooling",
      "version": "1.0.0",
      "dev": true,
      "bin": {
        "akif-build": "build.mjs",
        "akif-lint": "lint.mjs"
      }
    }
  }
}
